
Microsoft Visual Studio Solution File, Format Version 12.00
# Visual Studio Version 16
VisualStudioVersion = 16.0.28803.202
MinimumVisualStudioVersion = 10.0.40219.1
Project("{FAE04EC0-301F-11D3-BF4B-00C04F79EFBC}") = "ElevenNote.WebMVC", "ElevenNote.WebMVC\ElevenNote.WebMVC.csproj", "{5036CCE0-E141-4C2A-A6D1-752F3400DBD6}"
EndProject
Project("{FAE04EC0-301F-11D3-BF4B-00C04F79EFBC}") = "ElevenNote.Data", "ElevenNote.Data\ElevenNote.Data.csproj", "{99517D91-0418-4A81-BBF4-3945CC32C4C7}"
EndProject
Project("{FAE04EC0-301F-11D3-BF4B-00C04F79EFBC}") = "ElevenNote.Models", "ElevenNote.Models\ElevenNote.Models.csproj", "{28EDD0DD-ADC9-4CE4-A2EC-85D599FB4865}"
EndProject
Project("{FAE04EC0-301F-11D3-BF4B-00C04F79EFBC}") = "ElevenNote.Contracts", "ElevenNote.Contracts\ElevenNote.Contracts.csproj", "{EAA691C6-CD94-41D9-B45B-7A98D73E56AB}"
EndProject
Project("{FAE04EC0-301F-11D3-BF4B-00C04F79EFBC}") = "ElevenNote.Services", "ElevenNote.Services\ElevenNote.Services.csproj", "{C3C7A409-F7FF-45D9-AC44-32A617D54C16}"
EndProject
Project("{FAE04EC0-301F-11D3-BF4B-00C04F79EFBC}") = "ElevenNote.Tests", "ElevenNote.Tests\ElevenNote.Tests.csproj", "{AF2B8C10-CFAC-4450-A292-AA0E105104B4}"
EndProject
Global
	GlobalSection(SolutionConfigurationPlatforms) = preSolution
		Debug|Any CPU = Debug|Any CPU
		Release|Any CPU = Release|Any CPU
	EndGlobalSection
	GlobalSection(ProjectConfigurationPlatforms) = postSolution
		{5036CCE0-E141-4C2A-A6D1-752F3400DBD6}.Debug|Any CPU.ActiveCfg = Debug|Any CPU
		{5036CCE0-E141-4C2A-A6D1-752F3400DBD6}.Debug|Any CPU.Build.0 = Debug|Any CPU
		{5036CCE0-E141-4C2A-A6D1-752F3400DBD6}.Release|Any CPU.ActiveCfg = Release|Any CPU
		{5036CCE0-E141-4C2A-A6D1-752F3400DBD6}.Release|Any CPU.Build.0 = Release|Any CPU
		{99517D91-0418-4A81-BBF4-3945CC32C4C7}.Debug|Any CPU.ActiveCfg = Debug|Any CPU
		{99517D91-0418-4A81-BBF4-3945CC32C4C7}.Debug|Any CPU.Build.0 = Debug|Any CPU
		{99517D91-0418-4A81-BBF4-3945CC32C4C7}.Release|Any CPU.ActiveCfg = Release|Any CPU
		{99517D91-0418-4A81-BBF4-3945CC32C4C7}.Release|Any CPU.Build.0 = Release|Any CPU
		{28EDD0DD-ADC9-4CE4-A2EC-85D599FB4865}.Debug|Any CPU.ActiveCfg = Debug|Any CPU
		{28EDD0DD-ADC9-4CE4-A2EC-85D599FB4865}.Debug|Any CPU.Build.0 = Debug|Any CPU
		{28EDD0DD-ADC9-4CE4-A2EC-85D599FB4865}.Release|Any CPU.ActiveCfg = Release|Any CPU
		{28EDD0DD-ADC9-4CE4-A2EC-85D599FB4865}.Release|Any CPU.Build.0 = Release|Any CPU
		{EAA691C6-CD94-41D9-B45B-7A98D73E56AB}.Debug|Any CPU.ActiveCfg = Debug|Any CPU
		{EAA691C6-CD94-41D9-B45B-7A98D73E56AB}.Debug|Any CPU.Build.0 = Debug|Any CPU
		{EAA691C6-CD94-41D9-B45B-7A98D73E56AB}.Release|Any CPU.ActiveCfg = Release|Any CPU
		{EAA691C6-CD94-41D9-B45B-7A98D73E56AB}.Release|Any CPU.Build.0 = Release|Any CPU
		{C3C7A409-F7FF-45D9-AC44-32A617D54C16}.Debug|Any CPU.ActiveCfg = Debug|Any CPU
		{C3C7A409-F7FF-45D9-AC44-32A617D54C16}.Debug|Any CPU.Build.0 = Debug|Any CPU
		{C3C7A409-F7FF-45D9-AC44-32A617D54C16}.Release|Any CPU.ActiveCfg = Release|Any CPU
		{C3C7A409-F7FF-45D9-AC44-32A617D54C16}.Release|Any CPU.Build.0 = Release|Any CPU
		{AF2B8C10-CFAC-4450-A292-AA0E105104B4}.Debug|Any CPU.ActiveCfg = Debug|Any CPU
		{AF2B8C10-CFAC-4450-A292-AA0E105104B4}.Debug|Any CPU.Build.0 = Debug|Any CPU
		{AF2B8C10-CFAC-4450-A292-AA0E105104B4}.Release|Any CPU.ActiveCfg = Release|Any CPU
		{AF2B8C10-CFAC-4450-A292-AA0E105104B4}.Release|Any CPU.Build.0 = Release|Any CPU
	EndGlobalSection
	GlobalSection(SolutionProperties) = preSolution
		HideSolutionNode = FALSE
	EndGlobalSection
	GlobalSection(ExtensibilityGlobals) = postSolution
		SolutionGuid = {F4818529-CAF8-4DA4-AF19-82703B26826A}
	EndGlobalSection
EndGlobal
